// !$*UTF8*$!
{
	archiveVersion = 1;
	classes = {
	};
	objectVersion = 55;
	objects = {

/* Begin PBXBuildFile section */
		563482FA27FF4452002C3392 /* Wallet.swift in Sources */ = {isa = PBXBuildFile; fileRef = 563482F927FF4452002C3392 /* Wallet.swift */; };
		566863D8280446F900FDF345 /* CoreDataService.swift in Sources */ = {isa = PBXBuildFile; fileRef = 566863D7280446F900FDF345 /* CoreDataService.swift */; };
		566863E02804569800FDF345 /* CurrencyPageVC.swift in Sources */ = {isa = PBXBuildFile; fileRef = 566863DE2804569800FDF345 /* CurrencyPageVC.swift */; };
		566863E12804569800FDF345 /* CurrencyPageVC.xib in Resources */ = {isa = PBXBuildFile; fileRef = 566863DF2804569800FDF345 /* CurrencyPageVC.xib */; };
		566863E3280465DA00FDF345 /* String+Double.swift in Sources */ = {isa = PBXBuildFile; fileRef = 566863E2280465DA00FDF345 /* String+Double.swift */; };
		566863EB28048C2500FDF345 /* Double+String.swift in Sources */ = {isa = PBXBuildFile; fileRef = 566863EA28048C2500FDF345 /* Double+String.swift */; };
		566863EE2804967500FDF345 /* WalletEntity+CoreDataClass.swift in Sources */ = {isa = PBXBuildFile; fileRef = 566863EC2804967500FDF345 /* WalletEntity+CoreDataClass.swift */; };
		566863EF2804967500FDF345 /* WalletEntity+CoreDataProperties.swift in Sources */ = {isa = PBXBuildFile; fileRef = 566863ED2804967500FDF345 /* WalletEntity+CoreDataProperties.swift */; };
		568E0BB627F7128800A91E4D /* StashVC.swift in Sources */ = {isa = PBXBuildFile; fileRef = 568E0BB427F7128800A91E4D /* StashVC.swift */; };
		568E0BB727F7128900A91E4D /* StashVC.xib in Resources */ = {isa = PBXBuildFile; fileRef = 568E0BB527F7128800A91E4D /* StashVC.xib */; };
		568E0BB927F7196000A91E4D /* NetworkService.swift in Sources */ = {isa = PBXBuildFile; fileRef = 568E0BB827F7196000A91E4D /* NetworkService.swift */; };
		568E0BBD27F71F5400A91E4D /* ExcangeModel.swift in Sources */ = {isa = PBXBuildFile; fileRef = 568E0BBC27F71F5400A91E4D /* ExcangeModel.swift */; };
		56926A0C27F6E39100ECF742 /* AppDelegate.swift in Sources */ = {isa = PBXBuildFile; fileRef = 56926A0B27F6E39100ECF742 /* AppDelegate.swift */; };
		56926A0E27F6E39100ECF742 /* SceneDelegate.swift in Sources */ = {isa = PBXBuildFile; fileRef = 56926A0D27F6E39100ECF742 /* SceneDelegate.swift */; };
		56926A1627F6E39100ECF742 /* CashStash.xcdatamodeld in Sources */ = {isa = PBXBuildFile; fileRef = 56926A1427F6E39100ECF742 /* CashStash.xcdatamodeld */; };
		56926A1827F6E39300ECF742 /* Assets.xcassets in Resources */ = {isa = PBXBuildFile; fileRef = 56926A1727F6E39300ECF742 /* Assets.xcassets */; };
		56926A1B27F6E39300ECF742 /* LaunchScreen.storyboard in Resources */ = {isa = PBXBuildFile; fileRef = 56926A1927F6E39300ECF742 /* LaunchScreen.storyboard */; };
		56926A2627F70F9600ECF742 /* Main.storyboard in Resources */ = {isa = PBXBuildFile; fileRef = 56926A2527F70F9600ECF742 /* Main.storyboard */; };
		56BC36F327F9EC3D006730A0 /* StashTableViewCell.swift in Sources */ = {isa = PBXBuildFile; fileRef = 56BC36F127F9EC3D006730A0 /* StashTableViewCell.swift */; };
		56BC36F427F9EC3D006730A0 /* StashTableViewCell.xib in Resources */ = {isa = PBXBuildFile; fileRef = 56BC36F227F9EC3D006730A0 /* StashTableViewCell.xib */; };
		56BC36F727F9F9BB006730A0 /* StashViewModel.swift in Sources */ = {isa = PBXBuildFile; fileRef = 56BC36F627F9F9BB006730A0 /* StashViewModel.swift */; };
		56BC36FD27FA080E006730A0 /* CurrencyList.swift in Sources */ = {isa = PBXBuildFile; fileRef = 56BC36FC27FA080E006730A0 /* CurrencyList.swift */; };
/* End PBXBuildFile section */

/* Begin PBXFileReference section */
		563482F927FF4452002C3392 /* Wallet.swift */ = {isa = PBXFileReference; lastKnownFileType = sourcecode.swift; path = Wallet.swift; sourceTree = "<group>"; };
		566863D7280446F900FDF345 /* CoreDataService.swift */ = {isa = PBXFileReference; lastKnownFileType = sourcecode.swift; path = CoreDataService.swift; sourceTree = "<group>"; };
		566863DE2804569800FDF345 /* CurrencyPageVC.swift */ = {isa = PBXFileReference; lastKnownFileType = sourcecode.swift; path = CurrencyPageVC.swift; sourceTree = "<group>"; };
		566863DF2804569800FDF345 /* CurrencyPageVC.xib */ = {isa = PBXFileReference; lastKnownFileType = file.xib; path = CurrencyPageVC.xib; sourceTree = "<group>"; };
		566863E2280465DA00FDF345 /* String+Double.swift */ = {isa = PBXFileReference; lastKnownFileType = sourcecode.swift; path = "String+Double.swift"; sourceTree = "<group>"; };
		566863EA28048C2500FDF345 /* Double+String.swift */ = {isa = PBXFileReference; lastKnownFileType = sourcecode.swift; path = "Double+String.swift"; sourceTree = "<group>"; };
		566863EC2804967500FDF345 /* WalletEntity+CoreDataClass.swift */ = {isa = PBXFileReference; lastKnownFileType = sourcecode.swift; path = "WalletEntity+CoreDataClass.swift"; sourceTree = "<group>"; };
		566863ED2804967500FDF345 /* WalletEntity+CoreDataProperties.swift */ = {isa = PBXFileReference; lastKnownFileType = sourcecode.swift; path = "WalletEntity+CoreDataProperties.swift"; sourceTree = "<group>"; };
		568E0BB427F7128800A91E4D /* StashVC.swift */ = {isa = PBXFileReference; lastKnownFileType = sourcecode.swift; path = StashVC.swift; sourceTree = "<group>"; };
		568E0BB527F7128800A91E4D /* StashVC.xib */ = {isa = PBXFileReference; lastKnownFileType = file.xib; path = StashVC.xib; sourceTree = "<group>"; };
		568E0BB827F7196000A91E4D /* NetworkService.swift */ = {isa = PBXFileReference; lastKnownFileType = sourcecode.swift; path = NetworkService.swift; sourceTree = "<group>"; };
		568E0BBC27F71F5400A91E4D /* ExcangeModel.swift */ = {isa = PBXFileReference; lastKnownFileType = sourcecode.swift; path = ExcangeModel.swift; sourceTree = "<group>"; };
		56926A0827F6E39100ECF742 /* CashStash.app */ = {isa = PBXFileReference; explicitFileType = wrapper.application; includeInIndex = 0; path = CashStash.app; sourceTree = BUILT_PRODUCTS_DIR; };
		56926A0B27F6E39100ECF742 /* AppDelegate.swift */ = {isa = PBXFileReference; lastKnownFileType = sourcecode.swift; path = AppDelegate.swift; sourceTree = "<group>"; };
		56926A0D27F6E39100ECF742 /* SceneDelegate.swift */ = {isa = PBXFileReference; lastKnownFileType = sourcecode.swift; path = SceneDelegate.swift; sourceTree = "<group>"; };
		56926A1527F6E39100ECF742 /* CashStash.xcdatamodel */ = {isa = PBXFileReference; lastKnownFileType = wrapper.xcdatamodel; path = CashStash.xcdatamodel; sourceTree = "<group>"; };
		56926A1727F6E39300ECF742 /* Assets.xcassets */ = {isa = PBXFileReference; lastKnownFileType = folder.assetcatalog; path = Assets.xcassets; sourceTree = "<group>"; };
		56926A1A27F6E39300ECF742 /* Base */ = {isa = PBXFileReference; lastKnownFileType = file.storyboard; name = Base; path = Base.lproj/LaunchScreen.storyboard; sourceTree = "<group>"; };
		56926A1C27F6E39300ECF742 /* Info.plist */ = {isa = PBXFileReference; lastKnownFileType = text.plist.xml; path = Info.plist; sourceTree = "<group>"; };
		56926A2527F70F9600ECF742 /* Main.storyboard */ = {isa = PBXFileReference; lastKnownFileType = file.storyboard; path = Main.storyboard; sourceTree = "<group>"; };
		56BC36F127F9EC3D006730A0 /* StashTableViewCell.swift */ = {isa = PBXFileReference; lastKnownFileType = sourcecode.swift; path = StashTableViewCell.swift; sourceTree = "<group>"; };
		56BC36F227F9EC3D006730A0 /* StashTableViewCell.xib */ = {isa = PBXFileReference; lastKnownFileType = file.xib; path = StashTableViewCell.xib; sourceTree = "<group>"; };
		56BC36F627F9F9BB006730A0 /* StashViewModel.swift */ = {isa = PBXFileReference; lastKnownFileType = sourcecode.swift; path = StashViewModel.swift; sourceTree = "<group>"; };
		56BC36FC27FA080E006730A0 /* CurrencyList.swift */ = {isa = PBXFileReference; lastKnownFileType = sourcecode.swift; path = CurrencyList.swift; sourceTree = "<group>"; };
/* End PBXFileReference section */

/* Begin PBXFrameworksBuildPhase section */
		56926A0527F6E39100ECF742 /* Frameworks */ = {
			isa = PBXFrameworksBuildPhase;
			buildActionMask = 2147483647;
			files = (
			);
			runOnlyForDeploymentPostprocessing = 0;
		};
/* End PBXFrameworksBuildPhase section */

/* Begin PBXGroup section */
		563482FF27FF4630002C3392 /* CurrencyPageVC */ = {
			isa = PBXGroup;
			children = (
				566863DE2804569800FDF345 /* CurrencyPageVC.swift */,
				566863DF2804569800FDF345 /* CurrencyPageVC.xib */,
			);
			path = CurrencyPageVC;
			sourceTree = "<group>";
		};
		566863D628042A2800FDF345 /* StashVC */ = {
			isa = PBXGroup;
			children = (
				56BC36F527F9EC45006730A0 /* StashTableViewCell */,
				568E0BB427F7128800A91E4D /* StashVC.swift */,
				568E0BB527F7128800A91E4D /* StashVC.xib */,
				56BC36F627F9F9BB006730A0 /* StashViewModel.swift */,
			);
			path = StashVC;
			sourceTree = "<group>";
		};
		566863D92804487D00FDF345 /* CoreDataService */ = {
			isa = PBXGroup;
			children = (
				566863E52804683A00FDF345 /* Modeles */,
				566863D7280446F900FDF345 /* CoreDataService.swift */,
				56926A1427F6E39100ECF742 /* CashStash.xcdatamodeld */,
			);
			path = CoreDataService;
			sourceTree = "<group>";
		};
		566863E4280465E500FDF345 /* Helpers */ = {
			isa = PBXGroup;
			children = (
				566863E2280465DA00FDF345 /* String+Double.swift */,
				566863EA28048C2500FDF345 /* Double+String.swift */,
			);
			path = Helpers;
			sourceTree = "<group>";
		};
		566863E52804683A00FDF345 /* Modeles */ = {
			isa = PBXGroup;
			children = (
				566863EC2804967500FDF345 /* WalletEntity+CoreDataClass.swift */,
				566863ED2804967500FDF345 /* WalletEntity+CoreDataProperties.swift */,
			);
			path = Modeles;
			sourceTree = "<group>";
		};
		568E0BBA27F7196C00A91E4D /* Services */ = {
			isa = PBXGroup;
			children = (
				568E0BB827F7196000A91E4D /* NetworkService.swift */,
				566863D92804487D00FDF345 /* CoreDataService */,
			);
			path = Services;
			sourceTree = "<group>";
		};
		568E0BBB27F71F4200A91E4D /* Modeles */ = {
			isa = PBXGroup;
			children = (
				568E0BBC27F71F5400A91E4D /* ExcangeModel.swift */,
				56BC36FC27FA080E006730A0 /* CurrencyList.swift */,
				563482F927FF4452002C3392 /* Wallet.swift */,
			);
			path = Modeles;
			sourceTree = "<group>";
		};
		569269FF27F6E39100ECF742 = {
			isa = PBXGroup;
			children = (
				56926A0A27F6E39100ECF742 /* CashStash */,
				56926A0927F6E39100ECF742 /* Products */,
			);
			sourceTree = "<group>";
		};
		56926A0927F6E39100ECF742 /* Products */ = {
			isa = PBXGroup;
			children = (
				56926A0827F6E39100ECF742 /* CashStash.app */,
			);
			name = Products;
			sourceTree = "<group>";
		};
		56926A0A27F6E39100ECF742 /* CashStash */ = {
			isa = PBXGroup;
			children = (
				566863E4280465E500FDF345 /* Helpers */,
				56926A2227F6E3DD00ECF742 /* App */,
				568E0BBA27F7196C00A91E4D /* Services */,
				568E0BBB27F71F4200A91E4D /* Modeles */,
				56926A2427F6E52800ECF742 /* Modules */,
				56926A2327F6E41C00ECF742 /* Resources */,
				56926A1C27F6E39300ECF742 /* Info.plist */,
			);
			path = CashStash;
			sourceTree = "<group>";
		};
		56926A2227F6E3DD00ECF742 /* App */ = {
			isa = PBXGroup;
			children = (
				56926A0B27F6E39100ECF742 /* AppDelegate.swift */,
				56926A0D27F6E39100ECF742 /* SceneDelegate.swift */,
			);
			path = App;
			sourceTree = "<group>";
		};
		56926A2327F6E41C00ECF742 /* Resources */ = {
			isa = PBXGroup;
			children = (
				56926A2527F70F9600ECF742 /* Main.storyboard */,
				56926A1727F6E39300ECF742 /* Assets.xcassets */,
				56926A1927F6E39300ECF742 /* LaunchScreen.storyboard */,
			);
			path = Resources;
			sourceTree = "<group>";
		};
		56926A2427F6E52800ECF742 /* Modules */ = {
			isa = PBXGroup;
			children = (
				566863D628042A2800FDF345 /* StashVC */,
				563482FF27FF4630002C3392 /* CurrencyPageVC */,
			);
			path = Modules;
			sourceTree = "<group>";
		};
		56BC36F527F9EC45006730A0 /* StashTableViewCell */ = {
			isa = PBXGroup;
			children = (
				56BC36F127F9EC3D006730A0 /* StashTableViewCell.swift */,
				56BC36F227F9EC3D006730A0 /* StashTableViewCell.xib */,
			);
			path = StashTableViewCell;
			sourceTree = "<group>";
		};
/* End PBXGroup section */

/* Begin PBXNativeTarget section */
		56926A0727F6E39100ECF742 /* CashStash */ = {
			isa = PBXNativeTarget;
			buildConfigurationList = 56926A1F27F6E39300ECF742 /* Build configuration list for PBXNativeTarget "CashStash" */;
			buildPhases = (
				56926A0427F6E39100ECF742 /* Sources */,
				56926A0527F6E39100ECF742 /* Frameworks */,
				56926A0627F6E39100ECF742 /* Resources */,
			);
			buildRules = (
			);
			dependencies = (
			);
			name = CashStash;
			productName = CashStash;
			productReference = 56926A0827F6E39100ECF742 /* CashStash.app */;
			productType = "com.apple.product-type.application";
		};
/* End PBXNativeTarget section */

/* Begin PBXProject section */
		56926A0027F6E39100ECF742 /* Project object */ = {
			isa = PBXProject;
			attributes = {
				BuildIndependentTargetsInParallel = 1;
				LastSwiftUpdateCheck = 1320;
				LastUpgradeCheck = 1320;
				TargetAttributes = {
					56926A0727F6E39100ECF742 = {
						CreatedOnToolsVersion = 13.2.1;
					};
				};
			};
			buildConfigurationList = 56926A0327F6E39100ECF742 /* Build configuration list for PBXProject "CashStash" */;
			compatibilityVersion = "Xcode 13.0";
			developmentRegion = en;
			hasScannedForEncodings = 0;
			knownRegions = (
				en,
				Base,
			);
			mainGroup = 569269FF27F6E39100ECF742;
			productRefGroup = 56926A0927F6E39100ECF742 /* Products */;
			projectDirPath = "";
			projectRoot = "";
			targets = (
				56926A0727F6E39100ECF742 /* CashStash */,
			);
		};
/* End PBXProject section */

/* Begin PBXResourcesBuildPhase section */
		56926A0627F6E39100ECF742 /* Resources */ = {
			isa = PBXResourcesBuildPhase;
			buildActionMask = 2147483647;
			files = (
				566863E12804569800FDF345 /* CurrencyPageVC.xib in Resources */,
				56BC36F427F9EC3D006730A0 /* StashTableViewCell.xib in Resources */,
				56926A2627F70F9600ECF742 /* Main.storyboard in Resources */,
				56926A1B27F6E39300ECF742 /* LaunchScreen.storyboard in Resources */,
				568E0BB727F7128900A91E4D /* StashVC.xib in Resources */,
				56926A1827F6E39300ECF742 /* Assets.xcassets in Resources */,
			);
			runOnlyForDeploymentPostprocessing = 0;
		};
/* End PBXResourcesBuildPhase section */

/* Begin PBXSourcesBuildPhase section */
		56926A0427F6E39100ECF742 /* Sources */ = {
			isa = PBXSourcesBuildPhase;
			buildActionMask = 2147483647;
			files = (
				563482FA27FF4452002C3392 /* Wallet.swift in Sources */,
				566863EF2804967500FDF345 /* WalletEntity+CoreDataProperties.swift in Sources */,
				56BC36FD27FA080E006730A0 /* CurrencyList.swift in Sources */,
				568E0BB927F7196000A91E4D /* NetworkService.swift in Sources */,
				56926A1627F6E39100ECF742 /* CashStash.xcdatamodeld in Sources */,
				566863D8280446F900FDF345 /* CoreDataService.swift in Sources */,
				56926A0C27F6E39100ECF742 /* AppDelegate.swift in Sources */,
				568E0BBD27F71F5400A91E4D /* ExcangeModel.swift in Sources */,
				568E0BB627F7128800A91E4D /* StashVC.swift in Sources */,
				56BC36F327F9EC3D006730A0 /* StashTableViewCell.swift in Sources */,
				566863E3280465DA00FDF345 /* String+Double.swift in Sources */,
				566863E02804569800FDF345 /* CurrencyPageVC.swift in Sources */,
				566863EE2804967500FDF345 /* WalletEntity+CoreDataClass.swift in Sources */,
				566863EB28048C2500FDF345 /* Double+String.swift in Sources */,
				56BC36F727F9F9BB006730A0 /* StashViewModel.swift in Sources */,
				56926A0E27F6E39100ECF742 /* SceneDelegate.swift in Sources */,
			);
			runOnlyForDeploymentPostprocessing = 0;
		};
/* End PBXSourcesBuildPhase section */

/* Begin PBXVariantGroup section */
		56926A1927F6E39300ECF742 /* LaunchScreen.storyboard */ = {
			isa = PBXVariantGroup;
			children = (
				56926A1A27F6E39300ECF742 /* Base */,
			);
			name = LaunchScreen.storyboard;
			sourceTree = "<group>";
		};
/* End PBXVariantGroup section */

/* Begin XCBuildConfiguration section */
		56926A1D27F6E39300ECF742 /* Debug */ = {
			isa = XCBuildConfiguration;
			buildSettings = {
				ALWAYS_SEARCH_USER_PATHS = NO;
				CLANG_ANALYZER_NONNULL = YES;
				CLANG_ANALYZER_NUMBER_OBJECT_CONVERSION = YES_AGGRESSIVE;
				CLANG_CXX_LANGUAGE_STANDARD = "gnu++17";
				CLANG_CXX_LIBRARY = "libc++";
				CLANG_ENABLE_MODULES = YES;
				CLANG_ENABLE_OBJC_ARC = YES;
				CLANG_ENABLE_OBJC_WEAK = YES;
				CLANG_WARN_BLOCK_CAPTURE_AUTORELEASING = YES;
				CLANG_WARN_BOOL_CONVERSION = YES;
				CLANG_WARN_COMMA = YES;
				CLANG_WARN_CONSTANT_CONVERSION = YES;
				CLANG_WARN_DEPRECATED_OBJC_IMPLEMENTATIONS = YES;
				CLANG_WARN_DIRECT_OBJC_ISA_USAGE = YES_ERROR;
				CLANG_WARN_DOCUMENTATION_COMMENTS = YES;
				CLANG_WARN_EMPTY_BODY = YES;
				CLANG_WARN_ENUM_CONVERSION = YES;
				CLANG_WARN_INFINITE_RECURSION = YES;
				CLANG_WARN_INT_CONVERSION = YES;
				CLANG_WARN_NON_LITERAL_NULL_CONVERSION = YES;
				CLANG_WARN_OBJC_IMPLICIT_RETAIN_SELF = YES;
				CLANG_WARN_OBJC_LITERAL_CONVERSION = YES;
				CLANG_WARN_OBJC_ROOT_CLASS = YES_ERROR;
				CLANG_WARN_QUOTED_INCLUDE_IN_FRAMEWORK_HEADER = YES;
				CLANG_WARN_RANGE_LOOP_ANALYSIS = YES;
				CLANG_WARN_STRICT_PROTOTYPES = YES;
				CLANG_WARN_SUSPICIOUS_MOVE = YES;
				CLANG_WARN_UNGUARDED_AVAILABILITY = YES_AGGRESSIVE;
				CLANG_WARN_UNREACHABLE_CODE = YES;
				CLANG_WARN__DUPLICATE_METHOD_MATCH = YES;
				COPY_PHASE_STRIP = NO;
				DEBUG_INFORMATION_FORMAT = dwarf;
				ENABLE_STRICT_OBJC_MSGSEND = YES;
				ENABLE_TESTABILITY = YES;
				GCC_C_LANGUAGE_STANDARD = gnu11;
				GCC_DYNAMIC_NO_PIC = NO;
				GCC_NO_COMMON_BLOCKS = YES;
				GCC_OPTIMIZATION_LEVEL = 0;
				GCC_PREPROCESSOR_DEFINITIONS = (
					"DEBUG=1",
					"$(inherited)",
				);
				GCC_WARN_64_TO_32_BIT_CONVERSION = YES;
				GCC_WARN_ABOUT_RETURN_TYPE = YES_ERROR;
				GCC_WARN_UNDECLARED_SELECTOR = YES;
				GCC_WARN_UNINITIALIZED_AUTOS = YES_AGGRESSIVE;
				GCC_WARN_UNUSED_FUNCTION = YES;
				GCC_WARN_UNUSED_VARIABLE = YES;
				IPHONEOS_DEPLOYMENT_TARGET = 15.2;
				MTL_ENABLE_DEBUG_INFO = INCLUDE_SOURCE;
				MTL_FAST_MATH = YES;
				ONLY_ACTIVE_ARCH = YES;
				SDKROOT = iphoneos;
				SWIFT_ACTIVE_COMPILATION_CONDITIONS = DEBUG;
				SWIFT_OPTIMIZATION_LEVEL = "-Onone";
			};
			name = Debug;
		};
		56926A1E27F6E39300ECF742 /* Release */ = {
			isa = XCBuildConfiguration;
			buildSettings = {
				ALWAYS_SEARCH_USER_PATHS = NO;
				CLANG_ANALYZER_NONNULL = YES;
				CLANG_ANALYZER_NUMBER_OBJECT_CONVERSION = YES_AGGRESSIVE;
				CLANG_CXX_LANGUAGE_STANDARD = "gnu++17";
				CLANG_CXX_LIBRARY = "libc++";
				CLANG_ENABLE_MODULES = YES;
				CLANG_ENABLE_OBJC_ARC = YES;
				CLANG_ENABLE_OBJC_WEAK = YES;
				CLANG_WARN_BLOCK_CAPTURE_AUTORELEASING = YES;
				CLANG_WARN_BOOL_CONVERSION = YES;
				CLANG_WARN_COMMA = YES;
				CLANG_WARN_CONSTANT_CONVERSION = YES;
				CLANG_WARN_DEPRECATED_OBJC_IMPLEMENTATIONS = YES;
				CLANG_WARN_DIRECT_OBJC_ISA_USAGE = YES_ERROR;
				CLANG_WARN_DOCUMENTATION_COMMENTS = YES;
				CLANG_WARN_EMPTY_BODY = YES;
				CLANG_WARN_ENUM_CONVERSION = YES;
				CLANG_WARN_INFINITE_RECURSION = YES;
				CLANG_WARN_INT_CONVERSION = YES;
				CLANG_WARN_NON_LITERAL_NULL_CONVERSION = YES;
				CLANG_WARN_OBJC_IMPLICIT_RETAIN_SELF = YES;
				CLANG_WARN_OBJC_LITERAL_CONVERSION = YES;
				CLANG_WARN_OBJC_ROOT_CLASS = YES_ERROR;
				CLANG_WARN_QUOTED_INCLUDE_IN_FRAMEWORK_HEADER = YES;
				CLANG_WARN_RANGE_LOOP_ANALYSIS = YES;
				CLANG_WARN_STRICT_PROTOTYPES = YES;
				CLANG_WARN_SUSPICIOUS_MOVE = YES;
				CLANG_WARN_UNGUARDED_AVAILABILITY = YES_AGGRESSIVE;
				CLANG_WARN_UNREACHABLE_CODE = YES;
				CLANG_WARN__DUPLICATE_METHOD_MATCH = YES;
				COPY_PHASE_STRIP = NO;
				DEBUG_INFORMATION_FORMAT = "dwarf-with-dsym";
				ENABLE_NS_ASSERTIONS = NO;
				ENABLE_STRICT_OBJC_MSGSEND = YES;
				GCC_C_LANGUAGE_STANDARD = gnu11;
				GCC_NO_COMMON_BLOCKS = YES;
				GCC_WARN_64_TO_32_BIT_CONVERSION = YES;
				GCC_WARN_ABOUT_RETURN_TYPE = YES_ERROR;
				GCC_WARN_UNDECLARED_SELECTOR = YES;
				GCC_WARN_UNINITIALIZED_AUTOS = YES_AGGRESSIVE;
				GCC_WARN_UNUSED_FUNCTION = YES;
				GCC_WARN_UNUSED_VARIABLE = YES;
				IPHONEOS_DEPLOYMENT_TARGET = 15.2;
				MTL_ENABLE_DEBUG_INFO = NO;
				MTL_FAST_MATH = YES;
				SDKROOT = iphoneos;
				SWIFT_COMPILATION_MODE = wholemodule;
				SWIFT_OPTIMIZATION_LEVEL = "-O";
				VALIDATE_PRODUCT = YES;
			};
			name = Release;
		};
		56926A2027F6E39300ECF742 /* Debug */ = {
			isa = XCBuildConfiguration;
			buildSettings = {
				ASSETCATALOG_COMPILER_APPICON_NAME = AppIcon;
				ASSETCATALOG_COMPILER_GLOBAL_ACCENT_COLOR_NAME = AccentColor;
				CODE_SIGN_STYLE = Automatic;
				CURRENT_PROJECT_VERSION = 1;
				DEVELOPMENT_TEAM = CK7G8B5AC6;
				GENERATE_INFOPLIST_FILE = YES;
				INFOPLIST_FILE = CashStash/Info.plist;
				INFOPLIST_KEY_UIApplicationSupportsIndirectInputEvents = YES;
				INFOPLIST_KEY_UILaunchStoryboardName = LaunchScreen;
				INFOPLIST_KEY_UIMainStoryboardFile = Main;
				INFOPLIST_KEY_UISupportedInterfaceOrientations_iPad = "UIInterfaceOrientationPortrait UIInterfaceOrientationPortraitUpsideDown UIInterfaceOrientationLandscapeLeft UIInterfaceOrientationLandscapeRight";
				INFOPLIST_KEY_UISupportedInterfaceOrientations_iPhone = "UIInterfaceOrientationPortrait UIInterfaceOrientationLandscapeLeft UIInterfaceOrientationLandscapeRight";
				LD_RUNPATH_SEARCH_PATHS = (
					"$(inherited)",
					"@executable_path/Frameworks",
				);
				MARKETING_VERSION = 1.0;
				PRODUCT_BUNDLE_IDENTIFIER = d.o.kononov.CashStash;
				PRODUCT_NAME = "$(TARGET_NAME)";
				SWIFT_EMIT_LOC_STRINGS = YES;
				SWIFT_VERSION = 5.0;
				TARGETED_DEVICE_FAMILY = "1,2";
			};
			name = Debug;
		};
		56926A2127F6E39300ECF742 /* Release */ = {
			isa = XCBuildConfiguration;
			buildSettings = {
				ASSETCATALOG_COMPILER_APPICON_NAME = AppIcon;
				ASSETCATALOG_COMPILER_GLOBAL_ACCENT_COLOR_NAME = AccentColor;
				CODE_SIGN_STYLE = Automatic;
				CURRENT_PROJECT_VERSION = 1;
				DEVELOPMENT_TEAM = CK7G8B5AC6;
				GENERATE_INFOPLIST_FILE = YES;
				INFOPLIST_FILE = CashStash/Info.plist;
				INFOPLIST_KEY_UIApplicationSupportsIndirectInputEvents = YES;
				INFOPLIST_KEY_UILaunchStoryboardName = LaunchScreen;
				INFOPLIST_KEY_UIMainStoryboardFile = Main;
				INFOPLIST_KEY_UISupportedInterfaceOrientations_iPad = "UIInterfaceOrientationPortrait UIInterfaceOrientationPortraitUpsideDown UIInterfaceOrientationLandscapeLeft UIInterfaceOrientationLandscapeRight";
				INFOPLIST_KEY_UISupportedInterfaceOrientations_iPhone = "UIInterfaceOrientationPortrait UIInterfaceOrientationLandscapeLeft UIInterfaceOrientationLandscapeRight";
				LD_RUNPATH_SEARCH_PATHS = (
					"$(inherited)",
					"@executable_path/Frameworks",
				);
				MARKETING_VERSION = 1.0;
				PRODUCT_BUNDLE_IDENTIFIER = d.o.kononov.CashStash;
				PRODUCT_NAME = "$(TARGET_NAME)";
				SWIFT_EMIT_LOC_STRINGS = YES;
				SWIFT_VERSION = 5.0;
				TARGETED_DEVICE_FAMILY = "1,2";
			};
			name = Release;
		};
/* End XCBuildConfiguration section */

/* Begin XCConfigurationList section */
		56926A0327F6E39100ECF742 /* Build configuration list for PBXProject "CashStash" */ = {
			isa = XCConfigurationList;
			buildConfigurations = (
				56926A1D27F6E39300ECF742 /* Debug */,
				56926A1E27F6E39300ECF742 /* Release */,
			);
			defaultConfigurationIsVisible = 0;
			defaultConfigurationName = Release;
		};
		56926A1F27F6E39300ECF742 /* Build configuration list for PBXNativeTarget "CashStash" */ = {
			isa = XCConfigurationList;
			buildConfigurations = (
				56926A2027F6E39300ECF742 /* Debug */,
				56926A2127F6E39300ECF742 /* Release */,
			);
			defaultConfigurationIsVisible = 0;
			defaultConfigurationName = Release;
		};
/* End XCConfigurationList section */

/* Begin XCVersionGroup section */
		56926A1427F6E39100ECF742 /* CashStash.xcdatamodeld */ = {
			isa = XCVersionGroup;
			children = (
				56926A1527F6E39100ECF742 /* CashStash.xcdatamodel */,
			);
			currentVersion = 56926A1527F6E39100ECF742 /* CashStash.xcdatamodel */;
			path = CashStash.xcdatamodeld;
			sourceTree = "<group>";
			versionGroupType = wrapper.xcdatamodel;
		};
/* End XCVersionGroup section */
	};
	rootObject = 56926A0027F6E39100ECF742 /* Project object */;
}
